// !$*UTF8*$!
{
	archiveVersion = 1;
	classes = {
	};
	objectVersion = 56;
	objects = {

/* Begin PBXBuildFile section */
		B61B26EE29CF6C1B00334745 /* RecipeViewController.swift in Sources */ = {isa = PBXBuildFile; fileRef = B61B26ED29CF6C1B00334745 /* RecipeViewController.swift */; };
		B626019529D1AFB500ADED76 /* Alamofire in Frameworks */ = {isa = PBXBuildFile; productRef = B626019429D1AFB500ADED76 /* Alamofire */; };
		B63C2A0329CE8B3700409DD1 /* NetworkManager.swift in Sources */ = {isa = PBXBuildFile; fileRef = B63C2A0229CE8B3700409DD1 /* NetworkManager.swift */; };
		B63C2A0829CEB49400409DD1 /* BeerCollectionViewCell.swift in Sources */ = {isa = PBXBuildFile; fileRef = B63C2A0729CEB49400409DD1 /* BeerCollectionViewCell.swift */; };
		B63C2A0A29CEC82300409DD1 /* BeerCollectionViewController.swift in Sources */ = {isa = PBXBuildFile; fileRef = B63C2A0929CEC82300409DD1 /* BeerCollectionViewController.swift */; };
		B63C2A0C29CEF4DF00409DD1 /* TabBarViewController.swift in Sources */ = {isa = PBXBuildFile; fileRef = B63C2A0B29CEF4DF00409DD1 /* TabBarViewController.swift */; };
		B63C2A0E29CF096300409DD1 /* BeerInfoViewController.swift in Sources */ = {isa = PBXBuildFile; fileRef = B63C2A0D29CF096300409DD1 /* BeerInfoViewController.swift */; };
		B63C2A1029CF612C00409DD1 /* SnackViewController.swift in Sources */ = {isa = PBXBuildFile; fileRef = B63C2A0F29CF612C00409DD1 /* SnackViewController.swift */; };
		B664117929C9A5A2007E57C3 /* AppDelegate.swift in Sources */ = {isa = PBXBuildFile; fileRef = B664117829C9A5A2007E57C3 /* AppDelegate.swift */; };
		B664117B29C9A5A2007E57C3 /* SceneDelegate.swift in Sources */ = {isa = PBXBuildFile; fileRef = B664117A29C9A5A2007E57C3 /* SceneDelegate.swift */; };
		B664118029C9A5A2007E57C3 /* Main.storyboard in Resources */ = {isa = PBXBuildFile; fileRef = B664117E29C9A5A2007E57C3 /* Main.storyboard */; };
		B664118229C9A5A4007E57C3 /* Assets.xcassets in Resources */ = {isa = PBXBuildFile; fileRef = B664118129C9A5A4007E57C3 /* Assets.xcassets */; };
		B664118529C9A5A4007E57C3 /* LaunchScreen.storyboard in Resources */ = {isa = PBXBuildFile; fileRef = B664118329C9A5A4007E57C3 /* LaunchScreen.storyboard */; };
		B664119129C9A9D7007E57C3 /* Beer.swift in Sources */ = {isa = PBXBuildFile; fileRef = B664119029C9A9D7007E57C3 /* Beer.swift */; };
/* End PBXBuildFile section */

/* Begin PBXFileReference section */
		B61B26ED29CF6C1B00334745 /* RecipeViewController.swift */ = {isa = PBXFileReference; lastKnownFileType = sourcecode.swift; path = RecipeViewController.swift; sourceTree = "<group>"; };
		B63C2A0229CE8B3700409DD1 /* NetworkManager.swift */ = {isa = PBXFileReference; lastKnownFileType = sourcecode.swift; path = NetworkManager.swift; sourceTree = "<group>"; };
		B63C2A0729CEB49400409DD1 /* BeerCollectionViewCell.swift */ = {isa = PBXFileReference; lastKnownFileType = sourcecode.swift; path = BeerCollectionViewCell.swift; sourceTree = "<group>"; };
		B63C2A0929CEC82300409DD1 /* BeerCollectionViewController.swift */ = {isa = PBXFileReference; lastKnownFileType = sourcecode.swift; path = BeerCollectionViewController.swift; sourceTree = "<group>"; };
		B63C2A0B29CEF4DF00409DD1 /* TabBarViewController.swift */ = {isa = PBXFileReference; lastKnownFileType = sourcecode.swift; path = TabBarViewController.swift; sourceTree = "<group>"; };
		B63C2A0D29CF096300409DD1 /* BeerInfoViewController.swift */ = {isa = PBXFileReference; lastKnownFileType = sourcecode.swift; path = BeerInfoViewController.swift; sourceTree = "<group>"; };
		B63C2A0F29CF612C00409DD1 /* SnackViewController.swift */ = {isa = PBXFileReference; lastKnownFileType = sourcecode.swift; path = SnackViewController.swift; sourceTree = "<group>"; };
		B664117529C9A5A2007E57C3 /* Beer.app */ = {isa = PBXFileReference; explicitFileType = wrapper.application; includeInIndex = 0; path = Beer.app; sourceTree = BUILT_PRODUCTS_DIR; };
		B664117829C9A5A2007E57C3 /* AppDelegate.swift */ = {isa = PBXFileReference; lastKnownFileType = sourcecode.swift; path = AppDelegate.swift; sourceTree = "<group>"; };
		B664117A29C9A5A2007E57C3 /* SceneDelegate.swift */ = {isa = PBXFileReference; lastKnownFileType = sourcecode.swift; path = SceneDelegate.swift; sourceTree = "<group>"; };
		B664117F29C9A5A2007E57C3 /* Base */ = {isa = PBXFileReference; lastKnownFileType = file.storyboard; name = Base; path = Base.lproj/Main.storyboard; sourceTree = "<group>"; };
		B664118129C9A5A4007E57C3 /* Assets.xcassets */ = {isa = PBXFileReference; lastKnownFileType = folder.assetcatalog; path = Assets.xcassets; sourceTree = "<group>"; };
		B664118429C9A5A4007E57C3 /* Base */ = {isa = PBXFileReference; lastKnownFileType = file.storyboard; name = Base; path = Base.lproj/LaunchScreen.storyboard; sourceTree = "<group>"; };
		B664118629C9A5A4007E57C3 /* Info.plist */ = {isa = PBXFileReference; lastKnownFileType = text.plist.xml; path = Info.plist; sourceTree = "<group>"; };
		B664119029C9A9D7007E57C3 /* Beer.swift */ = {isa = PBXFileReference; lastKnownFileType = sourcecode.swift; path = Beer.swift; sourceTree = "<group>"; };
/* End PBXFileReference section */

/* Begin PBXFrameworksBuildPhase section */
		B664117229C9A5A2007E57C3 /* Frameworks */ = {
			isa = PBXFrameworksBuildPhase;
			buildActionMask = 2147483647;
			files = (
				B626019529D1AFB500ADED76 /* Alamofire in Frameworks */,
			);
			runOnlyForDeploymentPostprocessing = 0;
		};
/* End PBXFrameworksBuildPhase section */

/* Begin PBXGroup section */
		B63C2A0129CE8AF600409DD1 /* Services */ = {
			isa = PBXGroup;
			children = (
				B63C2A0229CE8B3700409DD1 /* NetworkManager.swift */,
			);
			path = Services;
			sourceTree = "<group>";
		};
		B63C2A0629CEB46F00409DD1 /* Views */ = {
			isa = PBXGroup;
			children = (
				B63C2A0729CEB49400409DD1 /* BeerCollectionViewCell.swift */,
			);
			path = Views;
			sourceTree = "<group>";
		};
		B664116C29C9A5A2007E57C3 = {
			isa = PBXGroup;
			children = (
				B664117729C9A5A2007E57C3 /* Beer */,
				B664117629C9A5A2007E57C3 /* Products */,
			);
			sourceTree = "<group>";
		};
		B664117629C9A5A2007E57C3 /* Products */ = {
			isa = PBXGroup;
			children = (
				B664117529C9A5A2007E57C3 /* Beer.app */,
			);
			name = Products;
			sourceTree = "<group>";
		};
		B664117729C9A5A2007E57C3 /* Beer */ = {
			isa = PBXGroup;
			children = (
				B664118E29C9A656007E57C3 /* ViewControllers */,
				B63C2A0629CEB46F00409DD1 /* Views */,
				B664118F29C9A9A2007E57C3 /* Models */,
				B63C2A0129CE8AF600409DD1 /* Services */,
				B664118D29C9A638007E57C3 /* Storyboards */,
				B664118C29C9A5FF007E57C3 /* App */,
				B664118129C9A5A4007E57C3 /* Assets.xcassets */,
			);
			path = Beer;
			sourceTree = "<group>";
		};
		B664118C29C9A5FF007E57C3 /* App */ = {
			isa = PBXGroup;
			children = (
				B664117829C9A5A2007E57C3 /* AppDelegate.swift */,
				B664117A29C9A5A2007E57C3 /* SceneDelegate.swift */,
				B664118629C9A5A4007E57C3 /* Info.plist */,
			);
			path = App;
			sourceTree = "<group>";
		};
		B664118D29C9A638007E57C3 /* Storyboards */ = {
			isa = PBXGroup;
			children = (
				B664117E29C9A5A2007E57C3 /* Main.storyboard */,
				B664118329C9A5A4007E57C3 /* LaunchScreen.storyboard */,
			);
			path = Storyboards;
			sourceTree = "<group>";
		};
		B664118E29C9A656007E57C3 /* ViewControllers */ = {
			isa = PBXGroup;
			children = (
				B63C2A0929CEC82300409DD1 /* BeerCollectionViewController.swift */,
				B63C2A0B29CEF4DF00409DD1 /* TabBarViewController.swift */,
				B63C2A0D29CF096300409DD1 /* BeerInfoViewController.swift */,
				B63C2A0F29CF612C00409DD1 /* SnackViewController.swift */,
				B61B26ED29CF6C1B00334745 /* RecipeViewController.swift */,
			);
			path = ViewControllers;
			sourceTree = "<group>";
		};
		B664118F29C9A9A2007E57C3 /* Models */ = {
			isa = PBXGroup;
			children = (
				B664119029C9A9D7007E57C3 /* Beer.swift */,
			);
			path = Models;
			sourceTree = "<group>";
		};
/* End PBXGroup section */

/* Begin PBXNativeTarget section */
		B664117429C9A5A2007E57C3 /* Beer */ = {
			isa = PBXNativeTarget;
			buildConfigurationList = B664118929C9A5A4007E57C3 /* Build configuration list for PBXNativeTarget "Beer" */;
			buildPhases = (
				B664117129C9A5A2007E57C3 /* Sources */,
				B664117229C9A5A2007E57C3 /* Frameworks */,
				B664117329C9A5A2007E57C3 /* Resources */,
			);
			buildRules = (
			);
			dependencies = (
			);
			name = Beer;
			packageProductDependencies = (
				B626019429D1AFB500ADED76 /* Alamofire */,
			);
			productName = Beer;
			productReference = B664117529C9A5A2007E57C3 /* Beer.app */;
			productType = "com.apple.product-type.application";
		};
/* End PBXNativeTarget section */

/* Begin PBXProject section */
		B664116D29C9A5A2007E57C3 /* Project object */ = {
			isa = PBXProject;
			attributes = {
				BuildIndependentTargetsInParallel = 1;
				LastSwiftUpdateCheck = 1420;
				LastUpgradeCheck = 1420;
				TargetAttributes = {
					B664117429C9A5A2007E57C3 = {
						CreatedOnToolsVersion = 14.2;
					};
				};
			};
			buildConfigurationList = B664117029C9A5A2007E57C3 /* Build configuration list for PBXProject "Beer" */;
			compatibilityVersion = "Xcode 14.0";
			developmentRegion = en;
			hasScannedForEncodings = 0;
			knownRegions = (
				en,
				Base,
			);
			mainGroup = B664116C29C9A5A2007E57C3;
			packageReferences = (
				B626019329D1AFB500ADED76 /* XCRemoteSwiftPackageReference "Alamofire" */,
			);
			productRefGroup = B664117629C9A5A2007E57C3 /* Products */;
			projectDirPath = "";
			projectRoot = "";
			targets = (
				B664117429C9A5A2007E57C3 /* Beer */,
			);
		};
/* End PBXProject section */

/* Begin PBXResourcesBuildPhase section */
		B664117329C9A5A2007E57C3 /* Resources */ = {
			isa = PBXResourcesBuildPhase;
			buildActionMask = 2147483647;
			files = (
				B664118529C9A5A4007E57C3 /* LaunchScreen.storyboard in Resources */,
				B664118229C9A5A4007E57C3 /* Assets.xcassets in Resources */,
				B664118029C9A5A2007E57C3 /* Main.storyboard in Resources */,
			);
			runOnlyForDeploymentPostprocessing = 0;
		};
/* End PBXResourcesBuildPhase section */

/* Begin PBXSourcesBuildPhase section */
		B664117129C9A5A2007E57C3 /* Sources */ = {
			isa = PBXSourcesBuildPhase;
			buildActionMask = 2147483647;
			files = (
				B63C2A0E29CF096300409DD1 /* BeerInfoViewController.swift in Sources */,
				B664117929C9A5A2007E57C3 /* AppDelegate.swift in Sources */,
				B63C2A0A29CEC82300409DD1 /* BeerCollectionViewController.swift in Sources */,
				B63C2A0829CEB49400409DD1 /* BeerCollectionViewCell.swift in Sources */,
				B61B26EE29CF6C1B00334745 /* RecipeViewController.swift in Sources */,
				B63C2A0329CE8B3700409DD1 /* NetworkManager.swift in Sources */,
				B63C2A1029CF612C00409DD1 /* SnackViewController.swift in Sources */,
				B63C2A0C29CEF4DF00409DD1 /* TabBarViewController.swift in Sources */,
				B664117B29C9A5A2007E57C3 /* SceneDelegate.swift in Sources */,
				B664119129C9A9D7007E57C3 /* Beer.swift in Sources */,
			);
			runOnlyForDeploymentPostprocessing = 0;
		};
/* End PBXSourcesBuildPhase section */

/* Begin PBXVariantGroup section */
		B664117E29C9A5A2007E57C3 /* Main.storyboard */ = {
			isa = PBXVariantGroup;
			children = (
				B664117F29C9A5A2007E57C3 /* Base */,
			);
			name = Main.storyboard;
			sourceTree = "<group>";
		};
		B664118329C9A5A4007E57C3 /* LaunchScreen.storyboard */ = {
			isa = PBXVariantGroup;
			children = (
				B664118429C9A5A4007E57C3 /* Base */,
			);
			name = LaunchScreen.storyboard;
			sourceTree = "<group>";
		};
/* End PBXVariantGroup section */

/* Begin XCBuildConfiguration section */
		B664118729C9A5A4007E57C3 /* Debug */ = {
			isa = XCBuildConfiguration;
			buildSettings = {
				ALWAYS_SEARCH_USER_PATHS = NO;
				CLANG_ANALYZER_NONNULL = YES;
				CLANG_ANALYZER_NUMBER_OBJECT_CONVERSION = YES_AGGRESSIVE;
				CLANG_CXX_LANGUAGE_STANDARD = "gnu++20";
				CLANG_ENABLE_MODULES = YES;
				CLANG_ENABLE_OBJC_ARC = YES;
				CLANG_ENABLE_OBJC_WEAK = YES;
				CLANG_WARN_BLOCK_CAPTURE_AUTORELEASING = YES;
				CLANG_WARN_BOOL_CONVERSION = YES;
				CLANG_WARN_COMMA = YES;
				CLANG_WARN_CONSTANT_CONVERSION = YES;
				CLANG_WARN_DEPRECATED_OBJC_IMPLEMENTATIONS = YES;
				CLANG_WARN_DIRECT_OBJC_ISA_USAGE = YES_ERROR;
				CLANG_WARN_DOCUMENTATION_COMMENTS = YES;
				CLANG_WARN_EMPTY_BODY = YES;
				CLANG_WARN_ENUM_CONVERSION = YES;
				CLANG_WARN_INFINITE_RECURSION = YES;
				CLANG_WARN_INT_CONVERSION = YES;
				CLANG_WARN_NON_LITERAL_NULL_CONVERSION = YES;
				CLANG_WARN_OBJC_IMPLICIT_RETAIN_SELF = YES;
				CLANG_WARN_OBJC_LITERAL_CONVERSION = YES;
				CLANG_WARN_OBJC_ROOT_CLASS = YES_ERROR;
				CLANG_WARN_QUOTED_INCLUDE_IN_FRAMEWORK_HEADER = YES;
				CLANG_WARN_RANGE_LOOP_ANALYSIS = YES;
				CLANG_WARN_STRICT_PROTOTYPES = YES;
				CLANG_WARN_SUSPICIOUS_MOVE = YES;
				CLANG_WARN_UNGUARDED_AVAILABILITY = YES_AGGRESSIVE;
				CLANG_WARN_UNREACHABLE_CODE = YES;
				CLANG_WARN__DUPLICATE_METHOD_MATCH = YES;
				COPY_PHASE_STRIP = NO;
				DEBUG_INFORMATION_FORMAT = dwarf;
				ENABLE_STRICT_OBJC_MSGSEND = YES;
				ENABLE_TESTABILITY = YES;
				GCC_C_LANGUAGE_STANDARD = gnu11;
				GCC_DYNAMIC_NO_PIC = NO;
				GCC_NO_COMMON_BLOCKS = YES;
				GCC_OPTIMIZATION_LEVEL = 0;
				GCC_PREPROCESSOR_DEFINITIONS = (
					"DEBUG=1",
					"$(inherited)",
				);
				GCC_WARN_64_TO_32_BIT_CONVERSION = YES;
				GCC_WARN_ABOUT_RETURN_TYPE = YES_ERROR;
				GCC_WARN_UNDECLARED_SELECTOR = YES;
				GCC_WARN_UNINITIALIZED_AUTOS = YES_AGGRESSIVE;
				GCC_WARN_UNUSED_FUNCTION = YES;
				GCC_WARN_UNUSED_VARIABLE = YES;
				IPHONEOS_DEPLOYMENT_TARGET = 16.2;
				MTL_ENABLE_DEBUG_INFO = INCLUDE_SOURCE;
				MTL_FAST_MATH = YES;
				ONLY_ACTIVE_ARCH = YES;
				SDKROOT = iphoneos;
				SWIFT_ACTIVE_COMPILATION_CONDITIONS = DEBUG;
				SWIFT_OPTIMIZATION_LEVEL = "-Onone";
			};
			name = Debug;
		};
		B664118829C9A5A4007E57C3 /* Release */ = {
			isa = XCBuildConfiguration;
			buildSettings = {
				ALWAYS_SEARCH_USER_PATHS = NO;
				CLANG_ANALYZER_NONNULL = YES;
				CLANG_ANALYZER_NUMBER_OBJECT_CONVERSION = YES_AGGRESSIVE;
				CLANG_CXX_LANGUAGE_STANDARD = "gnu++20";
				CLANG_ENABLE_MODULES = YES;
				CLANG_ENABLE_OBJC_ARC = YES;
				CLANG_ENABLE_OBJC_WEAK = YES;
				CLANG_WARN_BLOCK_CAPTURE_AUTORELEASING = YES;
				CLANG_WARN_BOOL_CONVERSION = YES;
				CLANG_WARN_COMMA = YES;
				CLANG_WARN_CONSTANT_CONVERSION = YES;
				CLANG_WARN_DEPRECATED_OBJC_IMPLEMENTATIONS = YES;
				CLANG_WARN_DIRECT_OBJC_ISA_USAGE = YES_ERROR;
				CLANG_WARN_DOCUMENTATION_COMMENTS = YES;
				CLANG_WARN_EMPTY_BODY = YES;
				CLANG_WARN_ENUM_CONVERSION = YES;
				CLANG_WARN_INFINITE_RECURSION = YES;
				CLANG_WARN_INT_CONVERSION = YES;
				CLANG_WARN_NON_LITERAL_NULL_CONVERSION = YES;
				CLANG_WARN_OBJC_IMPLICIT_RETAIN_SELF = YES;
				CLANG_WARN_OBJC_LITERAL_CONVERSION = YES;
				CLANG_WARN_OBJC_ROOT_CLASS = YES_ERROR;
				CLANG_WARN_QUOTED_INCLUDE_IN_FRAMEWORK_HEADER = YES;
				CLANG_WARN_RANGE_LOOP_ANALYSIS = YES;
				CLANG_WARN_STRICT_PROTOTYPES = YES;
				CLANG_WARN_SUSPICIOUS_MOVE = YES;
				CLANG_WARN_UNGUARDED_AVAILABILITY = YES_AGGRESSIVE;
				CLANG_WARN_UNREACHABLE_CODE = YES;
				CLANG_WARN__DUPLICATE_METHOD_MATCH = YES;
				COPY_PHASE_STRIP = NO;
				DEBUG_INFORMATION_FORMAT = "dwarf-with-dsym";
				ENABLE_NS_ASSERTIONS = NO;
				ENABLE_STRICT_OBJC_MSGSEND = YES;
				GCC_C_LANGUAGE_STANDARD = gnu11;
				GCC_NO_COMMON_BLOCKS = YES;
				GCC_WARN_64_TO_32_BIT_CONVERSION = YES;
				GCC_WARN_ABOUT_RETURN_TYPE = YES_ERROR;
				GCC_WARN_UNDECLARED_SELECTOR = YES;
				GCC_WARN_UNINITIALIZED_AUTOS = YES_AGGRESSIVE;
				GCC_WARN_UNUSED_FUNCTION = YES;
				GCC_WARN_UNUSED_VARIABLE = YES;
				IPHONEOS_DEPLOYMENT_TARGET = 16.2;
				MTL_ENABLE_DEBUG_INFO = NO;
				MTL_FAST_MATH = YES;
				SDKROOT = iphoneos;
				SWIFT_COMPILATION_MODE = wholemodule;
				SWIFT_OPTIMIZATION_LEVEL = "-O";
				VALIDATE_PRODUCT = YES;
			};
			name = Release;
		};
		B664118A29C9A5A4007E57C3 /* Debug */ = {
			isa = XCBuildConfiguration;
			buildSettings = {
				ASSETCATALOG_COMPILER_APPICON_NAME = AppIcon;
				ASSETCATALOG_COMPILER_GLOBAL_ACCENT_COLOR_NAME = AccentColor;
				CODE_SIGN_STYLE = Automatic;
				CURRENT_PROJECT_VERSION = 1;
				DEVELOPMENT_TEAM = P932KNVGR6;
				GENERATE_INFOPLIST_FILE = YES;
				INFOPLIST_FILE = Beer/App/Info.plist;
				INFOPLIST_KEY_UIApplicationSupportsIndirectInputEvents = YES;
				INFOPLIST_KEY_UILaunchStoryboardName = LaunchScreen;
				INFOPLIST_KEY_UIMainStoryboardFile = Main;
				INFOPLIST_KEY_UISupportedInterfaceOrientations = UIInterfaceOrientationPortrait;
				INFOPLIST_KEY_UISupportedInterfaceOrientations_iPad = "UIInterfaceOrientationLandscapeLeft UIInterfaceOrientationLandscapeRight UIInterfaceOrientationPortrait UIInterfaceOrientationPortraitUpsideDown";
				LD_RUNPATH_SEARCH_PATHS = (
					"$(inherited)",
					"@executable_path/Frameworks",
				);
				MARKETING_VERSION = 1.0;
				PRODUCT_BUNDLE_IDENTIFIER = "Dmitriy-Lubov.Beer";
				PRODUCT_NAME = "$(TARGET_NAME)";
				SUPPORTED_PLATFORMS = "iphoneos iphonesimulator";
				SUPPORTS_MACCATALYST = NO;
				SUPPORTS_MAC_DESIGNED_FOR_IPHONE_IPAD = NO;
				SWIFT_EMIT_LOC_STRINGS = YES;
				SWIFT_VERSION = 5.0;
				TARGETED_DEVICE_FAMILY = 1;
			};
			name = Debug;
		};
		B664118B29C9A5A4007E57C3 /* Release */ = {
			isa = XCBuildConfiguration;
			buildSettings = {
				ASSETCATALOG_COMPILER_APPICON_NAME = AppIcon;
				ASSETCATALOG_COMPILER_GLOBAL_ACCENT_COLOR_NAME = AccentColor;
				CODE_SIGN_STYLE = Automatic;
				CURRENT_PROJECT_VERSION = 1;
				DEVELOPMENT_TEAM = P932KNVGR6;
				GENERATE_INFOPLIST_FILE = YES;
				INFOPLIST_FILE = Beer/App/Info.plist;
				INFOPLIST_KEY_UIApplicationSupportsIndirectInputEvents = YES;
				INFOPLIST_KEY_UILaunchStoryboardName = LaunchScreen;
				INFOPLIST_KEY_UIMainStoryboardFile = Main;
				INFOPLIST_KEY_UISupportedInterfaceOrientations = UIInterfaceOrientationPortrait;
				INFOPLIST_KEY_UISupportedInterfaceOrientations_iPad = "UIInterfaceOrientationLandscapeLeft UIInterfaceOrientationLandscapeRight UIInterfaceOrientationPortrait UIInterfaceOrientationPortraitUpsideDown";
				LD_RUNPATH_SEARCH_PATHS = (
					"$(inherited)",
					"@executable_path/Frameworks",
				);
				MARKETING_VERSION = 1.0;
				PRODUCT_BUNDLE_IDENTIFIER = "Dmitriy-Lubov.Beer";
				PRODUCT_NAME = "$(TARGET_NAME)";
				SUPPORTED_PLATFORMS = "iphoneos iphonesimulator";
				SUPPORTS_MACCATALYST = NO;
				SUPPORTS_MAC_DESIGNED_FOR_IPHONE_IPAD = NO;
				SWIFT_EMIT_LOC_STRINGS = YES;
				SWIFT_VERSION = 5.0;
				TARGETED_DEVICE_FAMILY = 1;
			};
			name = Release;
		};
/* End XCBuildConfiguration section */

/* Begin XCConfigurationList section */
		B664117029C9A5A2007E57C3 /* Build configuration list for PBXProject "Beer" */ = {
			isa = XCConfigurationList;
			buildConfigurations = (
				B664118729C9A5A4007E57C3 /* Debug */,
				B664118829C9A5A4007E57C3 /* Release */,
			);
			defaultConfigurationIsVisible = 0;
			defaultConfigurationName = Release;
		};
		B664118929C9A5A4007E57C3 /* Build configuration list for PBXNativeTarget "Beer" */ = {
			isa = XCConfigurationList;
			buildConfigurations = (
				B664118A29C9A5A4007E57C3 /* Debug */,
				B664118B29C9A5A4007E57C3 /* Release */,
			);
			defaultConfigurationIsVisible = 0;
			defaultConfigurationName = Release;
		};
/* End XCConfigurationList section */

/* Begin XCRemoteSwiftPackageReference section */
		B626019329D1AFB500ADED76 /* XCRemoteSwiftPackageReference "Alamofire" */ = {
			isa = XCRemoteSwiftPackageReference;
			repositoryURL = "https://github.com/Alamofire/Alamofire.git";
			requirement = {
				kind = exactVersion;
				version = 5.0.0;
			};
		};
/* End XCRemoteSwiftPackageReference section */

/* Begin XCSwiftPackageProductDependency section */
		B626019429D1AFB500ADED76 /* Alamofire */ = {
			isa = XCSwiftPackageProductDependency;
			package = B626019329D1AFB500ADED76 /* XCRemoteSwiftPackageReference "Alamofire" */;
			productName = Alamofire;
		};
/* End XCSwiftPackageProductDependency section */
	};
	rootObject = B664116D29C9A5A2007E57C3 /* Project object */;
}
